
Microsoft Visual Studio Solution File, Format Version 12.00
# Visual Studio Version 17
VisualStudioVersion = 17.14.36310.24 d17.14
MinimumVisualStudioVersion = 10.0.40219.1
Project("{FAE04EC0-301F-11D3-BF4B-00C04F79EFBC}") = "FullSoundApp", "FullSoundApp.csproj", "{2A666240-2C64-4A0C-AE09-90443DA3812A}"
EndProject
Global
	GlobalSection(SolutionConfigurationPlatforms) = preSolution
		Debug|Any CPU = Debug|Any CPU
		Release|Any CPU = Release|Any CPU
	EndGlobalSection
	GlobalSection(ProjectConfigurationPlatforms) = postSolution
		{2A666240-2C64-4A0C-AE09-90443DA3812A}.Debug|Any CPU.ActiveCfg = Debug|Any CPU
		{2A666240-2C64-4A0C-AE09-90443DA3812A}.Debug|Any CPU.Build.0 = Debug|Any CPU
		{2A666240-2C64-4A0C-AE09-90443DA3812A}.Release|Any CPU.ActiveCfg = Release|Any CPU
		{2A666240-2C64-4A0C-AE09-90443DA3812A}.Release|Any CPU.Build.0 = Release|Any CPU
	EndGlobalSection
	GlobalSection(SolutionProperties) = preSolution
		HideSolutionNode = FALSE
	EndGlobalSection
	GlobalSection(ExtensibilityGlobals) = postSolution
		SolutionGuid = {5002C47C-D7E9-4C6C-8A61-DB9E6B51840A}
	EndGlobalSection
EndGlobal
